
Microsoft Visual Studio Solution File, Format Version 12.00
# Visual Studio 2013
VisualStudioVersion = 12.0.21005.1
MinimumVisualStudioVersion = 10.0.40219.1
Project("{FAE04EC0-301F-11D3-BF4B-00C04F79EFBC}") = "DM_UI", "..\DM_UI\DM_UI.csproj", "{EF6E3945-8DE2-4D17-AA68-4751A3FAC548}"
EndProject
Project("{FAE04EC0-301F-11D3-BF4B-00C04F79EFBC}") = "DM_DataModel", "..\DM_DataModel\DM_DataModel.csproj", "{1BE81F15-AEE1-4FC9-AEDD-512C475B432D}"
EndProject
Project("{FAE04EC0-301F-11D3-BF4B-00C04F79EFBC}") = "DM_BusinessEntities", "..\DM_BusinessEntities\DM_BusinessEntities.csproj", "{846A39C6-CC30-4B40-AEC2-7650DADE88BB}"
EndProject
Project("{FAE04EC0-301F-11D3-BF4B-00C04F79EFBC}") = "DM_BusinessService", "..\DM_BusinessService\DM_BusinessService.csproj", "{99E20205-93D4-4771-8A3B-7BA9CA312F12}"
EndProject
Global
	GlobalSection(SolutionConfigurationPlatforms) = preSolution
		Debug|Any CPU = Debug|Any CPU
		Release|Any CPU = Release|Any CPU
	EndGlobalSection
	GlobalSection(ProjectConfigurationPlatforms) = postSolution
		{EF6E3945-8DE2-4D17-AA68-4751A3FAC548}.Debug|Any CPU.ActiveCfg = Debug|Any CPU
		{EF6E3945-8DE2-4D17-AA68-4751A3FAC548}.Debug|Any CPU.Build.0 = Debug|Any CPU
		{EF6E3945-8DE2-4D17-AA68-4751A3FAC548}.Release|Any CPU.ActiveCfg = Release|Any CPU
		{EF6E3945-8DE2-4D17-AA68-4751A3FAC548}.Release|Any CPU.Build.0 = Release|Any CPU
		{1BE81F15-AEE1-4FC9-AEDD-512C475B432D}.Debug|Any CPU.ActiveCfg = Debug|Any CPU
		{1BE81F15-AEE1-4FC9-AEDD-512C475B432D}.Debug|Any CPU.Build.0 = Debug|Any CPU
		{1BE81F15-AEE1-4FC9-AEDD-512C475B432D}.Release|Any CPU.ActiveCfg = Release|Any CPU
		{1BE81F15-AEE1-4FC9-AEDD-512C475B432D}.Release|Any CPU.Build.0 = Release|Any CPU
		{846A39C6-CC30-4B40-AEC2-7650DADE88BB}.Debug|Any CPU.ActiveCfg = Debug|Any CPU
		{846A39C6-CC30-4B40-AEC2-7650DADE88BB}.Debug|Any CPU.Build.0 = Debug|Any CPU
		{846A39C6-CC30-4B40-AEC2-7650DADE88BB}.Release|Any CPU.ActiveCfg = Release|Any CPU
		{846A39C6-CC30-4B40-AEC2-7650DADE88BB}.Release|Any CPU.Build.0 = Release|Any CPU
		{99E20205-93D4-4771-8A3B-7BA9CA312F12}.Debug|Any CPU.ActiveCfg = Debug|Any CPU
		{99E20205-93D4-4771-8A3B-7BA9CA312F12}.Debug|Any CPU.Build.0 = Debug|Any CPU
		{99E20205-93D4-4771-8A3B-7BA9CA312F12}.Release|Any CPU.ActiveCfg = Release|Any CPU
		{99E20205-93D4-4771-8A3B-7BA9CA312F12}.Release|Any CPU.Build.0 = Release|Any CPU
	EndGlobalSection
	GlobalSection(SolutionProperties) = preSolution
		HideSolutionNode = FALSE
	EndGlobalSection
EndGlobal
